
Microsoft Visual Studio Solution File, Format Version 12.00
# Visual Studio Version 17
VisualStudioVersion = 17.14.36301.6
MinimumVisualStudioVersion = 10.0.40219.1
Project("{2150E333-8FDC-42A3-9474-1A3956D46DE8}") = "Core", "Core", "{02EA681E-C7D8-13C7-8484-4AC65E1B71E8}"
EndProject
Project("{2150E333-8FDC-42A3-9474-1A3956D46DE8}") = "Infrastructure", "Infrastructure", "{3CC2BB46-737D-4A3C-B620-A2AA8F99E44D}"
EndProject
Project("{2150E333-8FDC-42A3-9474-1A3956D46DE8}") = "Presentation", "Presentation", "{017A30DA-4E58-4272-A34D-CE573B9AF7BB}"
EndProject
Project("{FAE04EC0-301F-11D3-BF4B-00C04F79EFBC}") = "IsBankVirtualPOS.Application", "Core\IsBankVirtualPOS.Application\IsBankVirtualPOS.Application.csproj", "{DC85430F-6622-44DC-AE95-A9174C872A19}"
EndProject
Project("{FAE04EC0-301F-11D3-BF4B-00C04F79EFBC}") = "IsBankVirtualPOS.Domain", "Core\IsBankVirtualPOS.Domain\IsBankVirtualPOS.Domain.csproj", "{7A5C9701-FFFB-43D1-BD94-8F255EC36D32}"
EndProject
Project("{FAE04EC0-301F-11D3-BF4B-00C04F79EFBC}") = "IsBankVirtualPOS.Persistence", "Infrastructure\IsBankVirtualPOS.Persistence\IsBankVirtualPOS.Persistence.csproj", "{0DB72D9E-674E-4818-A382-0BB0811DACC1}"
EndProject
Project("{2150E333-8FDC-42A3-9474-1A3956D46DE8}") = "Frontend", "Frontend", "{88EC5623-09BB-413B-AEC3-8A01469407B0}"
EndProject
Project("{FAE04EC0-301F-11D3-BF4B-00C04F79EFBC}") = "IsBankVirtualPOS.WebAPI", "Presentation\IsBankVirtualPOS.WebAPI\IsBankVirtualPOS.WebAPI.csproj", "{19BAF269-B7F8-41CB-9487-AB72483935F7}"
EndProject
Project("{FAE04EC0-301F-11D3-BF4B-00C04F79EFBC}") = "IsBankVirtualPOS.WebUI", "Frontend\IsBankVirtualPOS.WebUI\IsBankVirtualPOS.WebUI.csproj", "{622124F4-5DD1-40FA-AD2D-EFFE249FA504}"
EndProject
Global
	GlobalSection(SolutionConfigurationPlatforms) = preSolution
		Debug|Any CPU = Debug|Any CPU
		Release|Any CPU = Release|Any CPU
	EndGlobalSection
	GlobalSection(ProjectConfigurationPlatforms) = postSolution
		{DC85430F-6622-44DC-AE95-A9174C872A19}.Debug|Any CPU.ActiveCfg = Debug|Any CPU
		{DC85430F-6622-44DC-AE95-A9174C872A19}.Debug|Any CPU.Build.0 = Debug|Any CPU
		{DC85430F-6622-44DC-AE95-A9174C872A19}.Release|Any CPU.ActiveCfg = Release|Any CPU
		{DC85430F-6622-44DC-AE95-A9174C872A19}.Release|Any CPU.Build.0 = Release|Any CPU
		{7A5C9701-FFFB-43D1-BD94-8F255EC36D32}.Debug|Any CPU.ActiveCfg = Debug|Any CPU
		{7A5C9701-FFFB-43D1-BD94-8F255EC36D32}.Debug|Any CPU.Build.0 = Debug|Any CPU
		{7A5C9701-FFFB-43D1-BD94-8F255EC36D32}.Release|Any CPU.ActiveCfg = Release|Any CPU
		{7A5C9701-FFFB-43D1-BD94-8F255EC36D32}.Release|Any CPU.Build.0 = Release|Any CPU
		{0DB72D9E-674E-4818-A382-0BB0811DACC1}.Debug|Any CPU.ActiveCfg = Debug|Any CPU
		{0DB72D9E-674E-4818-A382-0BB0811DACC1}.Debug|Any CPU.Build.0 = Debug|Any CPU
		{0DB72D9E-674E-4818-A382-0BB0811DACC1}.Release|Any CPU.ActiveCfg = Release|Any CPU
		{0DB72D9E-674E-4818-A382-0BB0811DACC1}.Release|Any CPU.Build.0 = Release|Any CPU
		{19BAF269-B7F8-41CB-9487-AB72483935F7}.Debug|Any CPU.ActiveCfg = Debug|Any CPU
		{19BAF269-B7F8-41CB-9487-AB72483935F7}.Debug|Any CPU.Build.0 = Debug|Any CPU
		{19BAF269-B7F8-41CB-9487-AB72483935F7}.Release|Any CPU.ActiveCfg = Release|Any CPU
		{19BAF269-B7F8-41CB-9487-AB72483935F7}.Release|Any CPU.Build.0 = Release|Any CPU
		{622124F4-5DD1-40FA-AD2D-EFFE249FA504}.Debug|Any CPU.ActiveCfg = Debug|Any CPU
		{622124F4-5DD1-40FA-AD2D-EFFE249FA504}.Debug|Any CPU.Build.0 = Debug|Any CPU
		{622124F4-5DD1-40FA-AD2D-EFFE249FA504}.Release|Any CPU.ActiveCfg = Release|Any CPU
		{622124F4-5DD1-40FA-AD2D-EFFE249FA504}.Release|Any CPU.Build.0 = Release|Any CPU
	EndGlobalSection
	GlobalSection(SolutionProperties) = preSolution
		HideSolutionNode = FALSE
	EndGlobalSection
	GlobalSection(NestedProjects) = preSolution
		{DC85430F-6622-44DC-AE95-A9174C872A19} = {02EA681E-C7D8-13C7-8484-4AC65E1B71E8}
		{7A5C9701-FFFB-43D1-BD94-8F255EC36D32} = {02EA681E-C7D8-13C7-8484-4AC65E1B71E8}
		{0DB72D9E-674E-4818-A382-0BB0811DACC1} = {3CC2BB46-737D-4A3C-B620-A2AA8F99E44D}
		{19BAF269-B7F8-41CB-9487-AB72483935F7} = {017A30DA-4E58-4272-A34D-CE573B9AF7BB}
		{622124F4-5DD1-40FA-AD2D-EFFE249FA504} = {88EC5623-09BB-413B-AEC3-8A01469407B0}
	EndGlobalSection
	GlobalSection(ExtensibilityGlobals) = postSolution
		SolutionGuid = {792D6BBD-298A-4570-A8C9-F0B880DACB79}
	EndGlobalSection
EndGlobal
